
Microsoft Visual Studio Solution File, Format Version 12.00
# Visual Studio 15
VisualStudioVersion = 15.0.27703.2047
MinimumVisualStudioVersion = 10.0.40219.1
Project("{FAE04EC0-301F-11D3-BF4B-00C04F79EFBC}") = "Framework", "Framework\Framework.csproj", "{ECA9CE03-1944-4A2D-90D2-5CA093E5DF4A}"
EndProject
Global
	GlobalSection(SolutionConfigurationPlatforms) = preSolution
		Debug|Any CPU = Debug|Any CPU
		Release|Any CPU = Release|Any CPU
	EndGlobalSection
	GlobalSection(ProjectConfigurationPlatforms) = postSolution
		{ECA9CE03-1944-4A2D-90D2-5CA093E5DF4A}.Debug|Any CPU.ActiveCfg = Debug|Any CPU
		{ECA9CE03-1944-4A2D-90D2-5CA093E5DF4A}.Debug|Any CPU.Build.0 = Debug|Any CPU
		{ECA9CE03-1944-4A2D-90D2-5CA093E5DF4A}.Release|Any CPU.ActiveCfg = Release|Any CPU
		{ECA9CE03-1944-4A2D-90D2-5CA093E5DF4A}.Release|Any CPU.Build.0 = Release|Any CPU
	EndGlobalSection
	GlobalSection(SolutionProperties) = preSolution
		HideSolutionNode = FALSE
	EndGlobalSection
	GlobalSection(ExtensibilityGlobals) = postSolution
		SolutionGuid = {15330C8C-E3C8-4B61-9907-E1FC5405C7D1}
	EndGlobalSection
EndGlobal
